
Microsoft Visual Studio Solution File, Format Version 12.00
# Visual Studio Version 16
VisualStudioVersion = 16.0.29806.167
MinimumVisualStudioVersion = 10.0.40219.1
Project("{FAE04EC0-301F-11D3-BF4B-00C04F79EFBC}") = "HR_Day10_BinaryNumbers", "HR_Day10_BinaryNumbers\HR_Day10_BinaryNumbers.csproj", "{5B5D7092-A308-4664-A694-48760E6BC039}"
EndProject
Global
	GlobalSection(SolutionConfigurationPlatforms) = preSolution
		Debug|Any CPU = Debug|Any CPU
		Release|Any CPU = Release|Any CPU
	EndGlobalSection
	GlobalSection(ProjectConfigurationPlatforms) = postSolution
		{5B5D7092-A308-4664-A694-48760E6BC039}.Debug|Any CPU.ActiveCfg = Debug|Any CPU
		{5B5D7092-A308-4664-A694-48760E6BC039}.Debug|Any CPU.Build.0 = Debug|Any CPU
		{5B5D7092-A308-4664-A694-48760E6BC039}.Release|Any CPU.ActiveCfg = Release|Any CPU
		{5B5D7092-A308-4664-A694-48760E6BC039}.Release|Any CPU.Build.0 = Release|Any CPU
	EndGlobalSection
	GlobalSection(SolutionProperties) = preSolution
		HideSolutionNode = FALSE
	EndGlobalSection
	GlobalSection(ExtensibilityGlobals) = postSolution
		SolutionGuid = {8D63F7DB-4FD1-4609-92A4-E92B989C438A}
	EndGlobalSection
EndGlobal
